
Microsoft Visual Studio Solution File, Format Version 12.00
# Visual Studio 15
VisualStudioVersion = 15.0.28307.329
MinimumVisualStudioVersion = 10.0.40219.1
Project("{FAE04EC0-301F-11D3-BF4B-00C04F79EFBC}") = "Diyadoor Web", "Diyadoor Web\Diyadoor Web.csproj", "{31159E5A-F752-41B1-8B29-F10C1CD32210}"
EndProject
Global
	GlobalSection(SolutionConfigurationPlatforms) = preSolution
		Debug|Any CPU = Debug|Any CPU
		Release|Any CPU = Release|Any CPU
	EndGlobalSection
	GlobalSection(ProjectConfigurationPlatforms) = postSolution
		{31159E5A-F752-41B1-8B29-F10C1CD32210}.Debug|Any CPU.ActiveCfg = Debug|Any CPU
		{31159E5A-F752-41B1-8B29-F10C1CD32210}.Debug|Any CPU.Build.0 = Debug|Any CPU
		{31159E5A-F752-41B1-8B29-F10C1CD32210}.Release|Any CPU.ActiveCfg = Release|Any CPU
		{31159E5A-F752-41B1-8B29-F10C1CD32210}.Release|Any CPU.Build.0 = Release|Any CPU
	EndGlobalSection
	GlobalSection(SolutionProperties) = preSolution
		HideSolutionNode = FALSE
	EndGlobalSection
	GlobalSection(ExtensibilityGlobals) = postSolution
		SolutionGuid = {14892583-A7B1-47CE-971C-4871CF24FAC3}
	EndGlobalSection
EndGlobal
